
Microsoft Visual Studio Solution File, Format Version 12.00
# Visual Studio Version 16
VisualStudioVersion = 16.0.29230.47
MinimumVisualStudioVersion = 10.0.40219.1
Project("{FAE04EC0-301F-11D3-BF4B-00C04F79EFBC}") = "Mihu_Project", "Mihu_Project\Mihu_Project.csproj", "{D65300C4-2608-4BC0-AEB6-ECA6C4D8B75F}"
EndProject
Global
	GlobalSection(SolutionConfigurationPlatforms) = preSolution
		Debug|Any CPU = Debug|Any CPU
		Release|Any CPU = Release|Any CPU
	EndGlobalSection
	GlobalSection(ProjectConfigurationPlatforms) = postSolution
		{D65300C4-2608-4BC0-AEB6-ECA6C4D8B75F}.Debug|Any CPU.ActiveCfg = Debug|Any CPU
		{D65300C4-2608-4BC0-AEB6-ECA6C4D8B75F}.Debug|Any CPU.Build.0 = Debug|Any CPU
		{D65300C4-2608-4BC0-AEB6-ECA6C4D8B75F}.Release|Any CPU.ActiveCfg = Release|Any CPU
		{D65300C4-2608-4BC0-AEB6-ECA6C4D8B75F}.Release|Any CPU.Build.0 = Release|Any CPU
	EndGlobalSection
	GlobalSection(SolutionProperties) = preSolution
		HideSolutionNode = FALSE
	EndGlobalSection
	GlobalSection(ExtensibilityGlobals) = postSolution
		SolutionGuid = {B723BA62-7743-4638-9F12-768FAC99BB3A}
	EndGlobalSection
EndGlobal
